
Microsoft Visual Studio Solution File, Format Version 12.00
# Visual Studio Version 17
VisualStudioVersion = 17.3.32922.545
MinimumVisualStudioVersion = 10.0.40219.1
Project("{9A19103F-16F7-4668-BE54-9A1E7A4F7556}") = "Amusoft.Toolkit.Http", "Amusoft.Toolkit.Http\Amusoft.Toolkit.Http.csproj", "{10D4FD6F-846B-483C-8FD6-84C7E061F8F6}"
EndProject
Project("{9A19103F-16F7-4668-BE54-9A1E7A4F7556}") = "Amusoft.Toolkit.Http.UnitTests", "..\tests\Amusoft.Toolkit.Http.UnitTests\Amusoft.Toolkit.Http.UnitTests.csproj", "{BBB05C70-A969-4C8A-8A56-FA2F67F0DD88}"
EndProject
Global
	GlobalSection(SolutionConfigurationPlatforms) = preSolution
		Debug|Any CPU = Debug|Any CPU
		Debug|x64 = Debug|x64
		Debug|x86 = Debug|x86
		Release|Any CPU = Release|Any CPU
		Release|x64 = Release|x64
		Release|x86 = Release|x86
	EndGlobalSection
	GlobalSection(ProjectConfigurationPlatforms) = postSolution
		{10D4FD6F-846B-483C-8FD6-84C7E061F8F6}.Debug|Any CPU.ActiveCfg = Debug|Any CPU
		{10D4FD6F-846B-483C-8FD6-84C7E061F8F6}.Debug|Any CPU.Build.0 = Debug|Any CPU
		{10D4FD6F-846B-483C-8FD6-84C7E061F8F6}.Debug|x64.ActiveCfg = Debug|Any CPU
		{10D4FD6F-846B-483C-8FD6-84C7E061F8F6}.Debug|x64.Build.0 = Debug|Any CPU
		{10D4FD6F-846B-483C-8FD6-84C7E061F8F6}.Debug|x86.ActiveCfg = Debug|Any CPU
		{10D4FD6F-846B-483C-8FD6-84C7E061F8F6}.Debug|x86.Build.0 = Debug|Any CPU
		{10D4FD6F-846B-483C-8FD6-84C7E061F8F6}.Release|Any CPU.ActiveCfg = Release|Any CPU
		{10D4FD6F-846B-483C-8FD6-84C7E061F8F6}.Release|Any CPU.Build.0 = Release|Any CPU
		{10D4FD6F-846B-483C-8FD6-84C7E061F8F6}.Release|x64.ActiveCfg = Release|Any CPU
		{10D4FD6F-846B-483C-8FD6-84C7E061F8F6}.Release|x64.Build.0 = Release|Any CPU
		{10D4FD6F-846B-483C-8FD6-84C7E061F8F6}.Release|x86.ActiveCfg = Release|Any CPU
		{10D4FD6F-846B-483C-8FD6-84C7E061F8F6}.Release|x86.Build.0 = Release|Any CPU
		{BBB05C70-A969-4C8A-8A56-FA2F67F0DD88}.Debug|Any CPU.ActiveCfg = Debug|Any CPU
		{BBB05C70-A969-4C8A-8A56-FA2F67F0DD88}.Debug|Any CPU.Build.0 = Debug|Any CPU
		{BBB05C70-A969-4C8A-8A56-FA2F67F0DD88}.Debug|x64.ActiveCfg = Debug|Any CPU
		{BBB05C70-A969-4C8A-8A56-FA2F67F0DD88}.Debug|x64.Build.0 = Debug|Any CPU
		{BBB05C70-A969-4C8A-8A56-FA2F67F0DD88}.Debug|x86.ActiveCfg = Debug|Any CPU
		{BBB05C70-A969-4C8A-8A56-FA2F67F0DD88}.Debug|x86.Build.0 = Debug|Any CPU
		{BBB05C70-A969-4C8A-8A56-FA2F67F0DD88}.Release|Any CPU.ActiveCfg = Release|Any CPU
		{BBB05C70-A969-4C8A-8A56-FA2F67F0DD88}.Release|Any CPU.Build.0 = Release|Any CPU
		{BBB05C70-A969-4C8A-8A56-FA2F67F0DD88}.Release|x64.ActiveCfg = Release|Any CPU
		{BBB05C70-A969-4C8A-8A56-FA2F67F0DD88}.Release|x64.Build.0 = Release|Any CPU
		{BBB05C70-A969-4C8A-8A56-FA2F67F0DD88}.Release|x86.ActiveCfg = Release|Any CPU
		{BBB05C70-A969-4C8A-8A56-FA2F67F0DD88}.Release|x86.Build.0 = Release|Any CPU
	EndGlobalSection
	GlobalSection(SolutionProperties) = preSolution
		HideSolutionNode = FALSE
	EndGlobalSection
	GlobalSection(ExtensibilityGlobals) = postSolution
		SolutionGuid = {8B59E246-DB1F-4A94-8661-5B6DDC1E564D}
	EndGlobalSection
EndGlobal
